
Microsoft Visual Studio Solution File, Format Version 12.00
# Visual Studio 14
VisualStudioVersion = 14.0.25420.1
MinimumVisualStudioVersion = 10.0.40219.1
Project("{FAE04EC0-301F-11D3-BF4B-00C04F79EFBC}") = "DataLayer", "DataLayer\DataLayer.csproj", "{3A7C6AA9-617D-4752-BB28-BD4E84C4BEB7}"
EndProject
Project("{FAE04EC0-301F-11D3-BF4B-00C04F79EFBC}") = "Client_App", "Client_App\Client_App.csproj", "{CA9A5C2F-1F35-441B-BBFD-8A9CA57E2D2F}"
EndProject
Project("{FAE04EC0-301F-11D3-BF4B-00C04F79EFBC}") = "Client_MVC", "Client_MVC\Client_MVC.csproj", "{38ED2723-31CE-4A55-9B7A-9D80B4D42A00}"
EndProject
Global
	GlobalSection(SolutionConfigurationPlatforms) = preSolution
		Debug|Any CPU = Debug|Any CPU
		Release|Any CPU = Release|Any CPU
	EndGlobalSection
	GlobalSection(ProjectConfigurationPlatforms) = postSolution
		{3A7C6AA9-617D-4752-BB28-BD4E84C4BEB7}.Debug|Any CPU.ActiveCfg = Debug|Any CPU
		{3A7C6AA9-617D-4752-BB28-BD4E84C4BEB7}.Debug|Any CPU.Build.0 = Debug|Any CPU
		{3A7C6AA9-617D-4752-BB28-BD4E84C4BEB7}.Release|Any CPU.ActiveCfg = Release|Any CPU
		{3A7C6AA9-617D-4752-BB28-BD4E84C4BEB7}.Release|Any CPU.Build.0 = Release|Any CPU
		{CA9A5C2F-1F35-441B-BBFD-8A9CA57E2D2F}.Debug|Any CPU.ActiveCfg = Debug|Any CPU
		{CA9A5C2F-1F35-441B-BBFD-8A9CA57E2D2F}.Debug|Any CPU.Build.0 = Debug|Any CPU
		{CA9A5C2F-1F35-441B-BBFD-8A9CA57E2D2F}.Release|Any CPU.ActiveCfg = Release|Any CPU
		{CA9A5C2F-1F35-441B-BBFD-8A9CA57E2D2F}.Release|Any CPU.Build.0 = Release|Any CPU
		{38ED2723-31CE-4A55-9B7A-9D80B4D42A00}.Debug|Any CPU.ActiveCfg = Debug|Any CPU
		{38ED2723-31CE-4A55-9B7A-9D80B4D42A00}.Debug|Any CPU.Build.0 = Debug|Any CPU
		{38ED2723-31CE-4A55-9B7A-9D80B4D42A00}.Release|Any CPU.ActiveCfg = Release|Any CPU
		{38ED2723-31CE-4A55-9B7A-9D80B4D42A00}.Release|Any CPU.Build.0 = Release|Any CPU
	EndGlobalSection
	GlobalSection(SolutionProperties) = preSolution
		HideSolutionNode = FALSE
	EndGlobalSection
EndGlobal
